version = 1
revision = 3
requires-python = "==3.12.*"

[[package]]
name = "cloudpickle"
version = "3.1.2"
source = { registry = "https://pypi.org/simple" }
sdist = { url = "https://files.pythonhosted.org/packages/27/fb/576f067976d320f5f0114a8d9fa1215425441bb35627b1993e5afd8111e5/cloudpickle-3.1.2.tar.gz", hash = "sha256:7fda9eb655c9c230dab534f1983763de5835249750e85fbcef43aaa30a9a2414", size = 22330, upload-time = "2025-11-03T09:25:26.604Z" }
wheels = [
    { url = "https://files.pythonhosted.org/packages/88/39/799be3f2f0f38cc727ee3b4f1445fe6d5e4133064ec2e4115069418a5bb6/cloudpickle-3.1.2-py3-none-any.whl", hash = "sha256:9acb47f6afd73f60dc1df93bb801b472f05ff42fa6c84167d25cb206be1fbf4a", size = 22228, upload-time = "2025-11-03T09:25:25.534Z" },
]

[[package]]
name = "farama-notifications"
version = "0.0.6"
source = { registry = "https://pypi.org/simple" }
sdist = { url = "https://files.pythonhosted.org/packages/ec/91/14397890dde30adc4bee6462158933806207bc5dd10d7b4d09d5c33845cf/farama_notifications-0.0.6.tar.gz", hash = "sha256:b19acac4bb41d76e59e03394b5dd165f4761c86fa327f56307a35cbee3b60158", size = 2517, upload-time = "2026-04-24T08:43:57.603Z" }
wheels = [
    { url = "https://files.pythonhosted.org/packages/7c/f0/21f81892e4ed10f4ec3ef2e7cf8635fb76e7c0907c55d0da66be50094760/farama_notifications-0.0.6-py3-none-any.whl", hash = "sha256:f84839188efa1ce5bb361c2a84881b2dc2c0d0d7fb661ff00421820170930935", size = 2897, upload-time = "2026-04-24T08:43:56.785Z" },
]

[[package]]
name = "gymnasium"
version = "1.3.0"
source = { registry = "https://pypi.org/simple" }
dependencies = [
    { name = "cloudpickle" },
    { name = "farama-notifications" },
    { name = "numpy" },
    { name = "typing-extensions" },
]
sdist = { url = "https://files.pythonhosted.org/packages/4d/ff/14b6880d703dfaca204490979d3254ccd280c99550798993319902873658/gymnasium-1.3.0.tar.gz", hash = "sha256:6939e86e835d6b71b6ba6bfd360487420876deafc79bfb7bacba83a7c446bcf3", size = 830646, upload-time = "2026-04-22T13:47:14.155Z" }
wheels = [
    { url = "https://files.pythonhosted.org/packages/e9/73/fda6a25f3beeb5e49d74330b44092b9e5a547395ccd478d1103ddcbff1fc/gymnasium-1.3.0-py3-none-any.whl", hash = "sha256:6b8c159a8540dcbcb221722d7efda24d78ebbcbc3bd2ea1c2611aa2a34471fc2", size = 953904, upload-time = "2026-04-22T13:47:12.13Z" },
]

[[package]]
name = "minigrid"
version = "3.1.0"
source = { registry = "https://pypi.org/simple" }
dependencies = [
    { name = "gymnasium" },
    { name = "numpy" },
    { name = "pygame-ce" },
]
sdist = { url = "https://files.pythonhosted.org/packages/41/1d/4d44d1b30dbd33ce1de24846cc0153d78974d80cbcdfcf95e5230fa75d0b/minigrid-3.1.0.tar.gz", hash = "sha256:6b3980015a7fa99d6a7d4597d54f18d943f78309bfb75056d79e80af3bc356ae", size = 106784, upload-time = "2026-05-11T09:08:31.981Z" }
wheels = [
    { url = "https://files.pythonhosted.org/packages/9e/78/c9c3ea97f2abc21d180d4b8443a7c2841b6de92036678ec995453ec76fa0/minigrid-3.1.0-py3-none-any.whl", hash = "sha256:e8365f99d9369dd854bee08cef6352841b66ca16e2bf0eaa6218f02bcfb1c457", size = 140068, upload-time = "2026-05-11T09:08:30.551Z" },
]

[[package]]
name = "numpy"
version = "2.5.2"
source = { registry = "https://pypi.org/simple" }
sdist = { url = "https://files.pythonhosted.org/packages/9a/80/db0b4559e57ec36362bedbb05530a87fafbcb6067708c946967a41d449e7/numpy-2.5.2.tar.gz", hash = "sha256:d482d171c406ae88c5b19cad3b6a1c4c5209f886ab74bc44c2c865c23f52d860", size = 20773161, upload-time = "2026-08-09T13:48:27.962Z" }
wheels = [
    { url = "https://files.pythonhosted.org/packages/69/72/dccb0aaf40972777283303919f613964227266d0c13adebb79ac124f1c3e/numpy-2.5.2-cp312-cp312-macosx_10_13_x86_64.whl", hash = "sha256:14e373cfc6387177e8409dac3c7159be8eb05cd77096cd7c950268b86f62831c", size = 16891693, upload-time = "2026-08-09T13:44:51.702Z" },
    { url = "https://files.pythonhosted.org/packages/60/2e/b5aee50a1f74ac815cf8331812cb8251e29024025de462e0c047641c614c/numpy-2.5.2-cp312-cp312-macosx_11_0_arm64.whl", hash = "sha256:4bbd96c833ecc8cc069ce518078fc8c60cb9cbfb0fea5b7a803ad65035596d03", size = 11903109, upload-time = "2026-08-09T13:44:55.501Z" },
    { url = "https://files.pythonhosted.org/packages/f3/f4/29e78102a80601cf034d4e9767022cffeca2c3b4c926e1754572ca95593d/numpy-2.5.2-cp312-cp312-macosx_14_0_arm64.whl", hash = "sha256:6e8172ddfcf5cf74b811d372b570b83c60bd2de87a6fbfbebdadb4a9bd9c6cbb", size = 5350202, upload-time = "2026-08-09T13:44:58.401Z" },
    { url = "https://files.pythonhosted.org/packages/11/4b/dcd3b7eadaf4035d2c7a4289d232523a6964f602598ef7674e4bd7291f93/numpy-2.5.2-cp312-cp312-macosx_14_0_x86_64.whl", hash = "sha256:65f188481f1669e26f62b701e8205d19e460fa4a9b52a1414ba382330e4a3414", size = 6687736, upload-time = "2026-08-09T13:45:00.813Z" },
    { url = "https://files.pythonhosted.org/packages/e5/21/4947e0e9d6c9fc2e2ff15b8949049ee44f63adb9cacc729ab8793f97e712/numpy-2.5.2-cp312-cp312-manylinux_2_27_aarch64.manylinux_2_28_aarch64.whl", hash = "sha256:8ee9c4eeb8454b3660a8b53493563c3e121c2fc94fbd72b848ef814ed7b676a9", size = 15612696, upload-time = "2026-08-09T13:45:04.151Z" },
    { url = "https://files.pythonhosted.org/packages/3a/5f/62d28cf019460c7f1394105b4d49d9911a9c444cb77ab0bd95a204c5a6de/numpy-2.5.2-cp312-cp312-manylinux_2_27_x86_64.manylinux_2_28_x86_64.whl", hash = "sha256:3cdec01fa790a186d430433fdd4d4ffb70eed6f0eeb4bf05c8dbe2dce0a9bcb8", size = 16722264, upload-time = "2026-08-09T13:45:07.714Z" },
    { url = "https://files.pythonhosted.org/packages/14/25/3f0be4c1b9fdf5dd5e708a6806978564d7c46a055c000496309ff2a2f8af/numpy-2.5.2-cp312-cp312-musllinux_1_2_aarch64.whl", hash = "sha256:7999d4ddb0c4025018373fd787510d46e04c769467af22869707b3c1cfd459ab", size = 16974396, upload-time = "2026-08-09T13:45:11.316Z" },
    { url = "https://files.pythonhosted.org/packages/22/72/6262cbdeeb45da9d971e40715f579d791603ba8ec0b5e2db1ac55454421d/numpy-2.5.2-cp312-cp312-musllinux_1_2_x86_64.whl", hash = "sha256:c1f017dc0875c9209d219f97feceb7d54c2661bb243deb4114478e1295808af7", size = 18476044, upload-time = "2026-08-09T13:45:14.869Z" },
    { url = "https://files.pythonhosted.org/packages/36/33/29208b8b075bde62d26a81d14b358c42b0f69b6cabd98d4ff97f37f22b05/numpy-2.5.2-cp312-cp312-win32.whl", hash = "sha256:d6a48072864e3324e194a8fbb3c657bcc5b5c869dbc64c9537b1d5c862572c0a", size = 6072817, upload-time = "2026-08-09T13:45:17.867Z" },
    { url = "https://files.pythonhosted.org/packages/7f/b9/87fea2769fe1c47c1b5b01d8310772c9d1a85d485de7cf386ef7a3332b02/numpy-2.5.2-cp312-cp312-win_amd64.whl", hash = "sha256:28ac63476ec7651484215ee7fa15a1f78b57c14621f01e392afe17b9a1390ce4", size = 12464674, upload-time = "2026-08-09T13:45:20.734Z" },
    { url = "https://files.pythonhosted.org/packages/14/52/032b97e00461ab0809bbe4c588b035620e5a14b8cdee47ecddefc7b17d33/numpy-2.5.2-cp312-cp312-win_arm64.whl", hash = "sha256:27650bb0e7140fa3d37b9923b4803645e0b125d190f326eecfd3f4dad8e8ade1", size = 10397131, upload-time = "2026-08-09T13:45:23.73Z" },
]

[[package]]
name = "pygame-ce"
version = "2.5.8"
source = { registry = "https://pypi.org/simple" }
sdist = { url = "https://files.pythonhosted.org/packages/26/2d/0f942ec31d558a6a1f2fd0df9965ff0055f165ed5b8d36f6509b1f3768a2/pygame_ce-2.5.8.tar.gz", hash = "sha256:3c8e69088ead310037972c391306ea58e74d7296b35d1890067749235fd554ba", size = 5300831, upload-time = "2026-08-09T11:39:49.226Z" }
wheels = [
    { url = "https://files.pythonhosted.org/packages/ab/2a/9c48c56cb36baa49d8732fc41896d2d8a6027bf94155aa1a5663fd72f7ff/pygame_ce-2.5.8-cp312-cp312-macosx_10_13_universal2.whl", hash = "sha256:0ae2141c81595b4b13b780d325b9ea0016c6647f8b3a6004278b00765a96664d", size = 16570732, upload-time = "2026-08-09T11:38:24.118Z" },
    { url = "https://files.pythonhosted.org/packages/a6/83/f4979079f5a8f729b0f488e987db1227086816c26e1b985d61fc9a60605f/pygame_ce-2.5.8-cp312-cp312-manylinux2014_aarch64.manylinux_2_17_aarch64.whl", hash = "sha256:e401643af9455cb69f8cb77050c325f290314da0051e9ab82c5ccaf8017c314a", size = 12048869, upload-time = "2026-08-09T11:38:26.733Z" },
    { url = "https://files.pythonhosted.org/packages/8b/38/9961f6543bfb4ecc4dbeee0fdb57edbd633945dc143df9c70ee476416cc4/pygame_ce-2.5.8-cp312-cp312-manylinux2014_i686.manylinux_2_17_i686.whl", hash = "sha256:6d4839f127b1b66f1dfe7e0dca3d2233b6f3a63077690081d1996e24087c6055", size = 12587614, upload-time = "2026-08-09T11:38:29.143Z" },
    { url = "https://files.pythonhosted.org/packages/1e/07/e139faa8911d48991e161e356e652be2a642303f3baf6a57c7ba4a1f0f49/pygame_ce-2.5.8-cp312-cp312-manylinux2014_x86_64.manylinux_2_17_x86_64.whl", hash = "sha256:bf9c8b4376077efec6ae31443172ae98545f278d0e4426852e81c28ab1f5d7c2", size = 12147342, upload-time = "2026-08-09T11:38:32.166Z" },
    { url = "https://files.pythonhosted.org/packages/e3/e6/238b48936733ed1908486df072137e7eef61fd26de4620d54e438b69d509/pygame_ce-2.5.8-cp312-cp312-win32.whl", hash = "sha256:91d2434d8cbdb7cd04c9b37e76a8154641da25f4e274265806407f495fe6e889", size = 9126160, upload-time = "2026-08-09T11:38:34.812Z" },
    { url = "https://files.pythonhosted.org/packages/81/13/2bba0ebe563047ae9de68dc05656dc0bfa9394c60970548b06d2f2e106c5/pygame_ce-2.5.8-cp312-cp312-win_amd64.whl", hash = "sha256:2cfe8afe1e7955780f0bd4f01d65f1b4903f561407052081cfcec31e80957c3c", size = 9668595, upload-time = "2026-08-09T11:38:37.279Z" },
    { url = "https://files.pythonhosted.org/packages/b1/2e/871161f0546d549fa458609029771d7a36c1e7758e164a3b2c2ed61b507b/pygame_ce-2.5.8-cp312-cp312-win_arm64.whl", hash = "sha256:6c48a3ad5f7102e076055a3c817c12e932ee5c9b831080db2ea9754236b0490d", size = 10213955, upload-time = "2026-08-09T11:38:39.559Z" },
]

[[package]]
name = "resilient-ai-agents-thesis"
version = "0.1.0"
source = { editable = "." }
dependencies = [
    { name = "gymnasium" },
]

[package.dev-dependencies]
gridworld-prototype = [
    { name = "minigrid" },
]

[package.metadata]
requires-dist = [{ name = "gymnasium", specifier = "==1.3.0" }]

[package.metadata.requires-dev]
gridworld-prototype = [{ name = "minigrid", specifier = "==3.1.0" }]

[[package]]
name = "typing-extensions"
version = "4.16.0"
source = { registry = "https://pypi.org/simple" }
sdist = { url = "https://files.pythonhosted.org/packages/f6/cc/6253133b5bb138fc3306cebfbda2c520f545d36b5be2c7255cc528bb45d6/typing_extensions-4.16.0.tar.gz", hash = "sha256:dc983d19a509c94dba722ee6abd33940f7c05a89e243c47e907eb4db6f1a43e5", size = 113555, upload-time = "2026-07-02T08:40:05.92Z" }
wheels = [
    { url = "https://files.pythonhosted.org/packages/49/d3/b8441a820a491ddfc024b0b0cf0393375b75ea13866d9c66727e54c2fc80/typing_extensions-4.16.0-py3-none-any.whl", hash = "sha256:481caa481374e813c1b176ada14e97f1f67a4539ce9cfeb3f350d78d6370c2e8", size = 45571, upload-time = "2026-07-02T08:40:04.659Z" },
]
